// !$*UTF8*$!
{
	archiveVersion = 1;
	classes = {
	};
	objectVersion = 55;
	objects = {

/* Begin PBXBuildFile section */
		F8386CC327A0C65B00E1CD1D /* AppDelegate.swift in Sources */ = {isa = PBXBuildFile; fileRef = F8386CC227A0C65B00E1CD1D /* AppDelegate.swift */; };
		F8386CC527A0C65B00E1CD1D /* SceneDelegate.swift in Sources */ = {isa = PBXBuildFile; fileRef = F8386CC427A0C65B00E1CD1D /* SceneDelegate.swift */; };
		F8386CC827A0C65B00E1CD1D /* LaunchScreen.storyboard in Resources */ = {isa = PBXBuildFile; fileRef = F8386CC627A0C65B00E1CD1D /* LaunchScreen.storyboard */; };
		F8386CCB27A0C65B00E1CD1D /* Main.storyboard in Resources */ = {isa = PBXBuildFile; fileRef = F8386CC927A0C65B00E1CD1D /* Main.storyboard */; };
		F8386CD427A0C65B00E1CD1D /* AppDelegate.swift in Sources */ = {isa = PBXBuildFile; fileRef = F8386CD327A0C65B00E1CD1D /* AppDelegate.swift */; };
		F8386CD727A0C65B00E1CD1D /* Main.storyboard in Resources */ = {isa = PBXBuildFile; fileRef = F8386CD527A0C65B00E1CD1D /* Main.storyboard */; };
		F8386CDE27A0C65B00E1CD1D /* Scordle Extension.appex in Embed App Extensions */ = {isa = PBXBuildFile; fileRef = F8386CDD27A0C65B00E1CD1D /* Scordle Extension.appex */; settings = {ATTRIBUTES = (RemoveHeadersOnCopy, ); }; };
		F8386CE827A0C65B00E1CD1D /* Scordle Extension.appex in Embed App Extensions */ = {isa = PBXBuildFile; fileRef = F8386CE727A0C65B00E1CD1D /* Scordle Extension.appex */; settings = {ATTRIBUTES = (RemoveHeadersOnCopy, ); }; };
		F8386CEE27A0C65B00E1CD1D /* Main.html in Resources */ = {isa = PBXBuildFile; fileRef = F8386CA927A0C65900E1CD1D /* Main.html */; };
		F8386CEF27A0C65B00E1CD1D /* Main.html in Resources */ = {isa = PBXBuildFile; fileRef = F8386CA927A0C65900E1CD1D /* Main.html */; };
		F8386CF027A0C65B00E1CD1D /* Icon.png in Resources */ = {isa = PBXBuildFile; fileRef = F8386CAB27A0C65900E1CD1D /* Icon.png */; };
		F8386CF127A0C65B00E1CD1D /* Icon.png in Resources */ = {isa = PBXBuildFile; fileRef = F8386CAB27A0C65900E1CD1D /* Icon.png */; };
		F8386CF227A0C65B00E1CD1D /* Style.css in Resources */ = {isa = PBXBuildFile; fileRef = F8386CAC27A0C65900E1CD1D /* Style.css */; };
		F8386CF327A0C65B00E1CD1D /* Style.css in Resources */ = {isa = PBXBuildFile; fileRef = F8386CAC27A0C65900E1CD1D /* Style.css */; };
		F8386CF427A0C65B00E1CD1D /* Script.js in Resources */ = {isa = PBXBuildFile; fileRef = F8386CAD27A0C65900E1CD1D /* Script.js */; };
		F8386CF527A0C65B00E1CD1D /* Script.js in Resources */ = {isa = PBXBuildFile; fileRef = F8386CAD27A0C65900E1CD1D /* Script.js */; };
		F8386CF627A0C65B00E1CD1D /* ViewController.swift in Sources */ = {isa = PBXBuildFile; fileRef = F8386CAE27A0C65900E1CD1D /* ViewController.swift */; };
		F8386CF727A0C65B00E1CD1D /* ViewController.swift in Sources */ = {isa = PBXBuildFile; fileRef = F8386CAE27A0C65900E1CD1D /* ViewController.swift */; };
		F8386CF827A0C65B00E1CD1D /* Assets.xcassets in Resources */ = {isa = PBXBuildFile; fileRef = F8386CAF27A0C65A00E1CD1D /* Assets.xcassets */; };
		F8386CF927A0C65B00E1CD1D /* Assets.xcassets in Resources */ = {isa = PBXBuildFile; fileRef = F8386CAF27A0C65A00E1CD1D /* Assets.xcassets */; };
		F8386CFA27A0C65B00E1CD1D /* SafariWebExtensionHandler.swift in Sources */ = {isa = PBXBuildFile; fileRef = F8386CB127A0C65A00E1CD1D /* SafariWebExtensionHandler.swift */; };
		F8386CFB27A0C65B00E1CD1D /* SafariWebExtensionHandler.swift in Sources */ = {isa = PBXBuildFile; fileRef = F8386CB127A0C65A00E1CD1D /* SafariWebExtensionHandler.swift */; };
		F8386CFC27A0C65B00E1CD1D /* _locales in Resources */ = {isa = PBXBuildFile; fileRef = F8386CB327A0C65A00E1CD1D /* _locales */; };
		F8386CFD27A0C65B00E1CD1D /* _locales in Resources */ = {isa = PBXBuildFile; fileRef = F8386CB327A0C65A00E1CD1D /* _locales */; };
		F8386CFE27A0C65B00E1CD1D /* images in Resources */ = {isa = PBXBuildFile; fileRef = F8386CB427A0C65A00E1CD1D /* images */; };
		F8386CFF27A0C65B00E1CD1D /* images in Resources */ = {isa = PBXBuildFile; fileRef = F8386CB427A0C65A00E1CD1D /* images */; };
		F8386D0027A0C65B00E1CD1D /* manifest.json in Resources */ = {isa = PBXBuildFile; fileRef = F8386CB527A0C65A00E1CD1D /* manifest.json */; };
		F8386D0127A0C65B00E1CD1D /* manifest.json in Resources */ = {isa = PBXBuildFile; fileRef = F8386CB527A0C65A00E1CD1D /* manifest.json */; };
		F8386D0427A0C65B00E1CD1D /* content.js in Resources */ = {isa = PBXBuildFile; fileRef = F8386CB727A0C65A00E1CD1D /* content.js */; };
		F8386D0527A0C65B00E1CD1D /* content.js in Resources */ = {isa = PBXBuildFile; fileRef = F8386CB727A0C65A00E1CD1D /* content.js */; };
/* End PBXBuildFile section */

/* Begin PBXContainerItemProxy section */
		F8386CDF27A0C65B00E1CD1D /* PBXContainerItemProxy */ = {
			isa = PBXContainerItemProxy;
			containerPortal = F8386CA327A0C65800E1CD1D /* Project object */;
			proxyType = 1;
			remoteGlobalIDString = F8386CDC27A0C65B00E1CD1D;
			remoteInfo = "WordleAverage Extension (iOS)";
		};
		F8386CE927A0C65B00E1CD1D /* PBXContainerItemProxy */ = {
			isa = PBXContainerItemProxy;
			containerPortal = F8386CA327A0C65800E1CD1D /* Project object */;
			proxyType = 1;
			remoteGlobalIDString = F8386CE627A0C65B00E1CD1D;
			remoteInfo = "WordleAverage Extension (macOS)";
		};
/* End PBXContainerItemProxy section */

/* Begin PBXCopyFilesBuildPhase section */
		F8386D1127A0C65B00E1CD1D /* Embed App Extensions */ = {
			isa = PBXCopyFilesBuildPhase;
			buildActionMask = 2147483647;
			dstPath = "";
			dstSubfolderSpec = 13;
			files = (
				F8386CDE27A0C65B00E1CD1D /* Scordle Extension.appex in Embed App Extensions */,
			);
			name = "Embed App Extensions";
			runOnlyForDeploymentPostprocessing = 0;
		};
		F8386D1827A0C65B00E1CD1D /* Embed App Extensions */ = {
			isa = PBXCopyFilesBuildPhase;
			buildActionMask = 2147483647;
			dstPath = "";
			dstSubfolderSpec = 13;
			files = (
				F8386CE827A0C65B00E1CD1D /* Scordle Extension.appex in Embed App Extensions */,
			);
			name = "Embed App Extensions";
			runOnlyForDeploymentPostprocessing = 0;
		};
/* End PBXCopyFilesBuildPhase section */

/* Begin PBXFileReference section */
		F8386CAA27A0C65900E1CD1D /* Base */ = {isa = PBXFileReference; lastKnownFileType = text.html; name = Base; path = ../Base.lproj/Main.html; sourceTree = "<group>"; };
		F8386CAB27A0C65900E1CD1D /* Icon.png */ = {isa = PBXFileReference; lastKnownFileType = image.png; path = Icon.png; sourceTree = "<group>"; };
		F8386CAC27A0C65900E1CD1D /* Style.css */ = {isa = PBXFileReference; lastKnownFileType = text.css; path = Style.css; sourceTree = "<group>"; };
		F8386CAD27A0C65900E1CD1D /* Script.js */ = {isa = PBXFileReference; lastKnownFileType = sourcecode.javascript; path = Script.js; sourceTree = "<group>"; };
		F8386CAE27A0C65900E1CD1D /* ViewController.swift */ = {isa = PBXFileReference; lastKnownFileType = sourcecode.swift; path = ViewController.swift; sourceTree = "<group>"; };
		F8386CAF27A0C65A00E1CD1D /* Assets.xcassets */ = {isa = PBXFileReference; lastKnownFileType = folder.assetcatalog; path = Assets.xcassets; sourceTree = "<group>"; };
		F8386CB127A0C65A00E1CD1D /* SafariWebExtensionHandler.swift */ = {isa = PBXFileReference; lastKnownFileType = sourcecode.swift; path = SafariWebExtensionHandler.swift; sourceTree = "<group>"; };
		F8386CB327A0C65A00E1CD1D /* _locales */ = {isa = PBXFileReference; lastKnownFileType = folder; path = _locales; sourceTree = "<group>"; };
		F8386CB427A0C65A00E1CD1D /* images */ = {isa = PBXFileReference; lastKnownFileType = folder; path = images; sourceTree = "<group>"; };
		F8386CB527A0C65A00E1CD1D /* manifest.json */ = {isa = PBXFileReference; lastKnownFileType = text.json; path = manifest.json; sourceTree = "<group>"; };
		F8386CB727A0C65A00E1CD1D /* content.js */ = {isa = PBXFileReference; lastKnownFileType = sourcecode.javascript; path = content.js; sourceTree = "<group>"; };
		F8386CBF27A0C65B00E1CD1D /* Scordle.app */ = {isa = PBXFileReference; explicitFileType = wrapper.application; includeInIndex = 0; path = Scordle.app; sourceTree = BUILT_PRODUCTS_DIR; };
		F8386CC227A0C65B00E1CD1D /* AppDelegate.swift */ = {isa = PBXFileReference; lastKnownFileType = sourcecode.swift; path = AppDelegate.swift; sourceTree = "<group>"; };
		F8386CC427A0C65B00E1CD1D /* SceneDelegate.swift */ = {isa = PBXFileReference; lastKnownFileType = sourcecode.swift; path = SceneDelegate.swift; sourceTree = "<group>"; };
		F8386CC727A0C65B00E1CD1D /* Base */ = {isa = PBXFileReference; lastKnownFileType = file.storyboard; name = Base; path = Base.lproj/LaunchScreen.storyboard; sourceTree = "<group>"; };
		F8386CCA27A0C65B00E1CD1D /* Base */ = {isa = PBXFileReference; lastKnownFileType = file.storyboard; name = Base; path = Base.lproj/Main.storyboard; sourceTree = "<group>"; };
		F8386CCC27A0C65B00E1CD1D /* Info.plist */ = {isa = PBXFileReference; lastKnownFileType = text.plist.xml; path = Info.plist; sourceTree = "<group>"; };
		F8386CD127A0C65B00E1CD1D /* Scordle.app */ = {isa = PBXFileReference; explicitFileType = wrapper.application; includeInIndex = 0; path = Scordle.app; sourceTree = BUILT_PRODUCTS_DIR; };
		F8386CD327A0C65B00E1CD1D /* AppDelegate.swift */ = {isa = PBXFileReference; lastKnownFileType = sourcecode.swift; path = AppDelegate.swift; sourceTree = "<group>"; };
		F8386CD627A0C65B00E1CD1D /* Base */ = {isa = PBXFileReference; lastKnownFileType = file.storyboard; name = Base; path = Base.lproj/Main.storyboard; sourceTree = "<group>"; };
		F8386CD827A0C65B00E1CD1D /* WordleAverage.entitlements */ = {isa = PBXFileReference; lastKnownFileType = text.plist.entitlements; path = WordleAverage.entitlements; sourceTree = "<group>"; };
		F8386CDD27A0C65B00E1CD1D /* Scordle Extension.appex */ = {isa = PBXFileReference; explicitFileType = "wrapper.app-extension"; includeInIndex = 0; path = "Scordle Extension.appex"; sourceTree = BUILT_PRODUCTS_DIR; };
		F8386CE227A0C65B00E1CD1D /* Info.plist */ = {isa = PBXFileReference; lastKnownFileType = text.plist.xml; path = Info.plist; sourceTree = "<group>"; };
		F8386CE727A0C65B00E1CD1D /* Scordle Extension.appex */ = {isa = PBXFileReference; explicitFileType = "wrapper.app-extension"; includeInIndex = 0; path = "Scordle Extension.appex"; sourceTree = BUILT_PRODUCTS_DIR; };
		F8386CEC27A0C65B00E1CD1D /* Info.plist */ = {isa = PBXFileReference; lastKnownFileType = text.plist.xml; path = Info.plist; sourceTree = "<group>"; };
		F8386CED27A0C65B00E1CD1D /* WordleAverage.entitlements */ = {isa = PBXFileReference; lastKnownFileType = text.plist.entitlements; path = WordleAverage.entitlements; sourceTree = "<group>"; };
/* End PBXFileReference section */

/* Begin PBXFrameworksBuildPhase section */
		F8386CBC27A0C65B00E1CD1D /* Frameworks */ = {
			isa = PBXFrameworksBuildPhase;
			buildActionMask = 2147483647;
			files = (
			);
			runOnlyForDeploymentPostprocessing = 0;
		};
		F8386CCE27A0C65B00E1CD1D /* Frameworks */ = {
			isa = PBXFrameworksBuildPhase;
			buildActionMask = 2147483647;
			files = (
			);
			runOnlyForDeploymentPostprocessing = 0;
		};
		F8386CDA27A0C65B00E1CD1D /* Frameworks */ = {
			isa = PBXFrameworksBuildPhase;
			buildActionMask = 2147483647;
			files = (
			);
			runOnlyForDeploymentPostprocessing = 0;
		};
		F8386CE427A0C65B00E1CD1D /* Frameworks */ = {
			isa = PBXFrameworksBuildPhase;
			buildActionMask = 2147483647;
			files = (
			);
			runOnlyForDeploymentPostprocessing = 0;
		};
/* End PBXFrameworksBuildPhase section */

/* Begin PBXGroup section */
		F8386CA227A0C65800E1CD1D = {
			isa = PBXGroup;
			children = (
				F8386CA727A0C65900E1CD1D /* Shared (App) */,
				F8386CB027A0C65A00E1CD1D /* Shared (Extension) */,
				F8386CC127A0C65B00E1CD1D /* iOS (App) */,
				F8386CD227A0C65B00E1CD1D /* macOS (App) */,
				F8386CE127A0C65B00E1CD1D /* iOS (Extension) */,
				F8386CEB27A0C65B00E1CD1D /* macOS (Extension) */,
				F8386CC027A0C65B00E1CD1D /* Products */,
			);
			sourceTree = "<group>";
		};
		F8386CA727A0C65900E1CD1D /* Shared (App) */ = {
			isa = PBXGroup;
			children = (
				F8386CAE27A0C65900E1CD1D /* ViewController.swift */,
				F8386CAF27A0C65A00E1CD1D /* Assets.xcassets */,
				F8386CA827A0C65900E1CD1D /* Resources */,
			);
			path = "Shared (App)";
			sourceTree = "<group>";
		};
		F8386CA827A0C65900E1CD1D /* Resources */ = {
			isa = PBXGroup;
			children = (
				F8386CA927A0C65900E1CD1D /* Main.html */,
				F8386CAB27A0C65900E1CD1D /* Icon.png */,
				F8386CAC27A0C65900E1CD1D /* Style.css */,
				F8386CAD27A0C65900E1CD1D /* Script.js */,
			);
			path = Resources;
			sourceTree = "<group>";
		};
		F8386CB027A0C65A00E1CD1D /* Shared (Extension) */ = {
			isa = PBXGroup;
			children = (
				F8386CB127A0C65A00E1CD1D /* SafariWebExtensionHandler.swift */,
				F8386CB227A0C65A00E1CD1D /* Resources */,
			);
			path = "Shared (Extension)";
			sourceTree = "<group>";
		};
		F8386CB227A0C65A00E1CD1D /* Resources */ = {
			isa = PBXGroup;
			children = (
				F8386CB327A0C65A00E1CD1D /* _locales */,
				F8386CB427A0C65A00E1CD1D /* images */,
				F8386CB527A0C65A00E1CD1D /* manifest.json */,
				F8386CB727A0C65A00E1CD1D /* content.js */,
			);
			path = Resources;
			sourceTree = "<group>";
		};
		F8386CC027A0C65B00E1CD1D /* Products */ = {
			isa = PBXGroup;
			children = (
				F8386CBF27A0C65B00E1CD1D /* Scordle.app */,
				F8386CD127A0C65B00E1CD1D /* Scordle.app */,
				F8386CDD27A0C65B00E1CD1D /* Scordle Extension.appex */,
				F8386CE727A0C65B00E1CD1D /* Scordle Extension.appex */,
			);
			name = Products;
			sourceTree = "<group>";
		};
		F8386CC127A0C65B00E1CD1D /* iOS (App) */ = {
			isa = PBXGroup;
			children = (
				F8386CC227A0C65B00E1CD1D /* AppDelegate.swift */,
				F8386CC427A0C65B00E1CD1D /* SceneDelegate.swift */,
				F8386CC627A0C65B00E1CD1D /* LaunchScreen.storyboard */,
				F8386CC927A0C65B00E1CD1D /* Main.storyboard */,
				F8386CCC27A0C65B00E1CD1D /* Info.plist */,
			);
			path = "iOS (App)";
			sourceTree = "<group>";
		};
		F8386CD227A0C65B00E1CD1D /* macOS (App) */ = {
			isa = PBXGroup;
			children = (
				F8386CD327A0C65B00E1CD1D /* AppDelegate.swift */,
				F8386CD527A0C65B00E1CD1D /* Main.storyboard */,
				F8386CD827A0C65B00E1CD1D /* WordleAverage.entitlements */,
			);
			path = "macOS (App)";
			sourceTree = "<group>";
		};
		F8386CE127A0C65B00E1CD1D /* iOS (Extension) */ = {
			isa = PBXGroup;
			children = (
				F8386CE227A0C65B00E1CD1D /* Info.plist */,
			);
			path = "iOS (Extension)";
			sourceTree = "<group>";
		};
		F8386CEB27A0C65B00E1CD1D /* macOS (Extension) */ = {
			isa = PBXGroup;
			children = (
				F8386CEC27A0C65B00E1CD1D /* Info.plist */,
				F8386CED27A0C65B00E1CD1D /* WordleAverage.entitlements */,
			);
			path = "macOS (Extension)";
			sourceTree = "<group>";
		};
/* End PBXGroup section */

/* Begin PBXNativeTarget section */
		F8386CBE27A0C65B00E1CD1D /* Scordle (iOS) */ = {
			isa = PBXNativeTarget;
			buildConfigurationList = F8386D1227A0C65B00E1CD1D /* Build configuration list for PBXNativeTarget "Scordle (iOS)" */;
			buildPhases = (
				F8386CBB27A0C65B00E1CD1D /* Sources */,
				F8386CBC27A0C65B00E1CD1D /* Frameworks */,
				F8386CBD27A0C65B00E1CD1D /* Resources */,
				F8386D1127A0C65B00E1CD1D /* Embed App Extensions */,
			);
			buildRules = (
			);
			dependencies = (
				F8386CE027A0C65B00E1CD1D /* PBXTargetDependency */,
			);
			name = "Scordle (iOS)";
			productName = "WordleAverage (iOS)";
			productReference = F8386CBF27A0C65B00E1CD1D /* Scordle.app */;
			productType = "com.apple.product-type.application";
		};
		F8386CD027A0C65B00E1CD1D /* Scordle (macOS) */ = {
			isa = PBXNativeTarget;
			buildConfigurationList = F8386D1927A0C65B00E1CD1D /* Build configuration list for PBXNativeTarget "Scordle (macOS)" */;
			buildPhases = (
				F8386CCD27A0C65B00E1CD1D /* Sources */,
				F8386CCE27A0C65B00E1CD1D /* Frameworks */,
				F8386CCF27A0C65B00E1CD1D /* Resources */,
				F8386D1827A0C65B00E1CD1D /* Embed App Extensions */,
			);
			buildRules = (
			);
			dependencies = (
				F8386CEA27A0C65B00E1CD1D /* PBXTargetDependency */,
			);
			name = "Scordle (macOS)";
			productName = "WordleAverage (macOS)";
			productReference = F8386CD127A0C65B00E1CD1D /* Scordle.app */;
			productType = "com.apple.product-type.application";
		};
		F8386CDC27A0C65B00E1CD1D /* Scordle Extension (iOS) */ = {
			isa = PBXNativeTarget;
			buildConfigurationList = F8386D0E27A0C65B00E1CD1D /* Build configuration list for PBXNativeTarget "Scordle Extension (iOS)" */;
			buildPhases = (
				F8386CD927A0C65B00E1CD1D /* Sources */,
				F8386CDA27A0C65B00E1CD1D /* Frameworks */,
				F8386CDB27A0C65B00E1CD1D /* Resources */,
			);
			buildRules = (
			);
			dependencies = (
			);
			name = "Scordle Extension (iOS)";
			productName = "WordleAverage Extension (iOS)";
			productReference = F8386CDD27A0C65B00E1CD1D /* Scordle Extension.appex */;
			productType = "com.apple.product-type.app-extension";
		};
		F8386CE627A0C65B00E1CD1D /* Scordle Extension (macOS) */ = {
			isa = PBXNativeTarget;
			buildConfigurationList = F8386D1527A0C65B00E1CD1D /* Build configuration list for PBXNativeTarget "Scordle Extension (macOS)" */;
			buildPhases = (
				F8386CE327A0C65B00E1CD1D /* Sources */,
				F8386CE427A0C65B00E1CD1D /* Frameworks */,
				F8386CE527A0C65B00E1CD1D /* Resources */,
			);
			buildRules = (
			);
			dependencies = (
			);
			name = "Scordle Extension (macOS)";
			productName = "WordleAverage Extension (macOS)";
			productReference = F8386CE727A0C65B00E1CD1D /* Scordle Extension.appex */;
			productType = "com.apple.product-type.app-extension";
		};
/* End PBXNativeTarget section */

/* Begin PBXProject section */
		F8386CA327A0C65800E1CD1D /* Project object */ = {
			isa = PBXProject;
			attributes = {
				BuildIndependentTargetsInParallel = 1;
				LastSwiftUpdateCheck = 1320;
				LastUpgradeCheck = 1320;
				TargetAttributes = {
					F8386CBE27A0C65B00E1CD1D = {
						CreatedOnToolsVersion = 13.2.1;
					};
					F8386CD027A0C65B00E1CD1D = {
						CreatedOnToolsVersion = 13.2.1;
					};
					F8386CDC27A0C65B00E1CD1D = {
						CreatedOnToolsVersion = 13.2.1;
					};
					F8386CE627A0C65B00E1CD1D = {
						CreatedOnToolsVersion = 13.2.1;
					};
				};
			};
			buildConfigurationList = F8386CA627A0C65800E1CD1D /* Build configuration list for PBXProject "Scordle" */;
			compatibilityVersion = "Xcode 13.0";
			developmentRegion = en;
			hasScannedForEncodings = 0;
			knownRegions = (
				en,
				Base,
			);
			mainGroup = F8386CA227A0C65800E1CD1D;
			productRefGroup = F8386CC027A0C65B00E1CD1D /* Products */;
			projectDirPath = "";
			projectRoot = "";
			targets = (
				F8386CBE27A0C65B00E1CD1D /* Scordle (iOS) */,
				F8386CD027A0C65B00E1CD1D /* Scordle (macOS) */,
				F8386CDC27A0C65B00E1CD1D /* Scordle Extension (iOS) */,
				F8386CE627A0C65B00E1CD1D /* Scordle Extension (macOS) */,
			);
		};
/* End PBXProject section */

/* Begin PBXResourcesBuildPhase section */
		F8386CBD27A0C65B00E1CD1D /* Resources */ = {
			isa = PBXResourcesBuildPhase;
			buildActionMask = 2147483647;
			files = (
				F8386CF027A0C65B00E1CD1D /* Icon.png in Resources */,
				F8386CC827A0C65B00E1CD1D /* LaunchScreen.storyboard in Resources */,
				F8386CEE27A0C65B00E1CD1D /* Main.html in Resources */,
				F8386CF427A0C65B00E1CD1D /* Script.js in Resources */,
				F8386CF827A0C65B00E1CD1D /* Assets.xcassets in Resources */,
				F8386CCB27A0C65B00E1CD1D /* Main.storyboard in Resources */,
				F8386CF227A0C65B00E1CD1D /* Style.css in Resources */,
			);
			runOnlyForDeploymentPostprocessing = 0;
		};
		F8386CCF27A0C65B00E1CD1D /* Resources */ = {
			isa = PBXResourcesBuildPhase;
			buildActionMask = 2147483647;
			files = (
				F8386CF127A0C65B00E1CD1D /* Icon.png in Resources */,
				F8386CF327A0C65B00E1CD1D /* Style.css in Resources */,
				F8386CD727A0C65B00E1CD1D /* Main.storyboard in Resources */,
				F8386CF527A0C65B00E1CD1D /* Script.js in Resources */,
				F8386CF927A0C65B00E1CD1D /* Assets.xcassets in Resources */,
				F8386CEF27A0C65B00E1CD1D /* Main.html in Resources */,
			);
			runOnlyForDeploymentPostprocessing = 0;
		};
		F8386CDB27A0C65B00E1CD1D /* Resources */ = {
			isa = PBXResourcesBuildPhase;
			buildActionMask = 2147483647;
			files = (
				F8386CFE27A0C65B00E1CD1D /* images in Resources */,
				F8386D0027A0C65B00E1CD1D /* manifest.json in Resources */,
				F8386CFC27A0C65B00E1CD1D /* _locales in Resources */,
				F8386D0427A0C65B00E1CD1D /* content.js in Resources */,
			);
			runOnlyForDeploymentPostprocessing = 0;
		};
		F8386CE527A0C65B00E1CD1D /* Resources */ = {
			isa = PBXResourcesBuildPhase;
			buildActionMask = 2147483647;
			files = (
				F8386CFF27A0C65B00E1CD1D /* images in Resources */,
				F8386D0127A0C65B00E1CD1D /* manifest.json in Resources */,
				F8386CFD27A0C65B00E1CD1D /* _locales in Resources */,
				F8386D0527A0C65B00E1CD1D /* content.js in Resources */,
			);
			runOnlyForDeploymentPostprocessing = 0;
		};
/* End PBXResourcesBuildPhase section */

/* Begin PBXSourcesBuildPhase section */
		F8386CBB27A0C65B00E1CD1D /* Sources */ = {
			isa = PBXSourcesBuildPhase;
			buildActionMask = 2147483647;
			files = (
				F8386CF627A0C65B00E1CD1D /* ViewController.swift in Sources */,
				F8386CC327A0C65B00E1CD1D /* AppDelegate.swift in Sources */,
				F8386CC527A0C65B00E1CD1D /* SceneDelegate.swift in Sources */,
			);
			runOnlyForDeploymentPostprocessing = 0;
		};
		F8386CCD27A0C65B00E1CD1D /* Sources */ = {
			isa = PBXSourcesBuildPhase;
			buildActionMask = 2147483647;
			files = (
				F8386CF727A0C65B00E1CD1D /* ViewController.swift in Sources */,
				F8386CD427A0C65B00E1CD1D /* AppDelegate.swift in Sources */,
			);
			runOnlyForDeploymentPostprocessing = 0;
		};
		F8386CD927A0C65B00E1CD1D /* Sources */ = {
			isa = PBXSourcesBuildPhase;
			buildActionMask = 2147483647;
			files = (
				F8386CFA27A0C65B00E1CD1D /* SafariWebExtensionHandler.swift in Sources */,
			);
			runOnlyForDeploymentPostprocessing = 0;
		};
		F8386CE327A0C65B00E1CD1D /* Sources */ = {
			isa = PBXSourcesBuildPhase;
			buildActionMask = 2147483647;
			files = (
				F8386CFB27A0C65B00E1CD1D /* SafariWebExtensionHandler.swift in Sources */,
			);
			runOnlyForDeploymentPostprocessing = 0;
		};
/* End PBXSourcesBuildPhase section */

/* Begin PBXTargetDependency section */
		F8386CE027A0C65B00E1CD1D /* PBXTargetDependency */ = {
			isa = PBXTargetDependency;
			target = F8386CDC27A0C65B00E1CD1D /* Scordle Extension (iOS) */;
			targetProxy = F8386CDF27A0C65B00E1CD1D /* PBXContainerItemProxy */;
		};
		F8386CEA27A0C65B00E1CD1D /* PBXTargetDependency */ = {
			isa = PBXTargetDependency;
			target = F8386CE627A0C65B00E1CD1D /* Scordle Extension (macOS) */;
			targetProxy = F8386CE927A0C65B00E1CD1D /* PBXContainerItemProxy */;
		};
/* End PBXTargetDependency section */

/* Begin PBXVariantGroup section */
		F8386CA927A0C65900E1CD1D /* Main.html */ = {
			isa = PBXVariantGroup;
			children = (
				F8386CAA27A0C65900E1CD1D /* Base */,
			);
			name = Main.html;
			sourceTree = "<group>";
		};
		F8386CC627A0C65B00E1CD1D /* LaunchScreen.storyboard */ = {
			isa = PBXVariantGroup;
			children = (
				F8386CC727A0C65B00E1CD1D /* Base */,
			);
			name = LaunchScreen.storyboard;
			sourceTree = "<group>";
		};
		F8386CC927A0C65B00E1CD1D /* Main.storyboard */ = {
			isa = PBXVariantGroup;
			children = (
				F8386CCA27A0C65B00E1CD1D /* Base */,
			);
			name = Main.storyboard;
			sourceTree = "<group>";
		};
		F8386CD527A0C65B00E1CD1D /* Main.storyboard */ = {
			isa = PBXVariantGroup;
			children = (
				F8386CD627A0C65B00E1CD1D /* Base */,
			);
			name = Main.storyboard;
			sourceTree = "<group>";
		};
/* End PBXVariantGroup section */

/* Begin XCBuildConfiguration section */
		F8386D0C27A0C65B00E1CD1D /* Debug */ = {
			isa = XCBuildConfiguration;
			buildSettings = {
				ALWAYS_SEARCH_USER_PATHS = NO;
				CLANG_ANALYZER_NONNULL = YES;
				CLANG_ANALYZER_NUMBER_OBJECT_CONVERSION = YES_AGGRESSIVE;
				CLANG_CXX_LANGUAGE_STANDARD = "gnu++17";
				CLANG_CXX_LIBRARY = "libc++";
				CLANG_ENABLE_MODULES = YES;
				CLANG_ENABLE_OBJC_ARC = YES;
				CLANG_ENABLE_OBJC_WEAK = YES;
				CLANG_WARN_BLOCK_CAPTURE_AUTORELEASING = YES;
				CLANG_WARN_BOOL_CONVERSION = YES;
				CLANG_WARN_COMMA = YES;
				CLANG_WARN_CONSTANT_CONVERSION = YES;
				CLANG_WARN_DEPRECATED_OBJC_IMPLEMENTATIONS = YES;
				CLANG_WARN_DIRECT_OBJC_ISA_USAGE = YES_ERROR;
				CLANG_WARN_DOCUMENTATION_COMMENTS = YES;
				CLANG_WARN_EMPTY_BODY = YES;
				CLANG_WARN_ENUM_CONVERSION = YES;
				CLANG_WARN_INFINITE_RECURSION = YES;
				CLANG_WARN_INT_CONVERSION = YES;
				CLANG_WARN_NON_LITERAL_NULL_CONVERSION = YES;
				CLANG_WARN_OBJC_IMPLICIT_RETAIN_SELF = YES;
				CLANG_WARN_OBJC_LITERAL_CONVERSION = YES;
				CLANG_WARN_OBJC_ROOT_CLASS = YES_ERROR;
				CLANG_WARN_QUOTED_INCLUDE_IN_FRAMEWORK_HEADER = YES;
				CLANG_WARN_RANGE_LOOP_ANALYSIS = YES;
				CLANG_WARN_STRICT_PROTOTYPES = YES;
				CLANG_WARN_SUSPICIOUS_MOVE = YES;
				CLANG_WARN_UNGUARDED_AVAILABILITY = YES_AGGRESSIVE;
				CLANG_WARN_UNREACHABLE_CODE = YES;
				CLANG_WARN__DUPLICATE_METHOD_MATCH = YES;
				COPY_PHASE_STRIP = NO;
				DEBUG_INFORMATION_FORMAT = dwarf;
				ENABLE_STRICT_OBJC_MSGSEND = YES;
				ENABLE_TESTABILITY = YES;
				GCC_C_LANGUAGE_STANDARD = gnu11;
				GCC_DYNAMIC_NO_PIC = NO;
				GCC_NO_COMMON_BLOCKS = YES;
				GCC_OPTIMIZATION_LEVEL = 0;
				GCC_PREPROCESSOR_DEFINITIONS = (
					"DEBUG=1",
					"$(inherited)",
				);
				GCC_WARN_64_TO_32_BIT_CONVERSION = YES;
				GCC_WARN_ABOUT_RETURN_TYPE = YES_ERROR;
				GCC_WARN_UNDECLARED_SELECTOR = YES;
				GCC_WARN_UNINITIALIZED_AUTOS = YES_AGGRESSIVE;
				GCC_WARN_UNUSED_FUNCTION = YES;
				GCC_WARN_UNUSED_VARIABLE = YES;
				MTL_ENABLE_DEBUG_INFO = INCLUDE_SOURCE;
				MTL_FAST_MATH = YES;
				ONLY_ACTIVE_ARCH = YES;
				SWIFT_ACTIVE_COMPILATION_CONDITIONS = DEBUG;
				SWIFT_OPTIMIZATION_LEVEL = "-Onone";
			};
			name = Debug;
		};
		F8386D0D27A0C65B00E1CD1D /* Release */ = {
			isa = XCBuildConfiguration;
			buildSettings = {
				ALWAYS_SEARCH_USER_PATHS = NO;
				CLANG_ANALYZER_NONNULL = YES;
				CLANG_ANALYZER_NUMBER_OBJECT_CONVERSION = YES_AGGRESSIVE;
				CLANG_CXX_LANGUAGE_STANDARD = "gnu++17";
				CLANG_CXX_LIBRARY = "libc++";
				CLANG_ENABLE_MODULES = YES;
				CLANG_ENABLE_OBJC_ARC = YES;
				CLANG_ENABLE_OBJC_WEAK = YES;
				CLANG_WARN_BLOCK_CAPTURE_AUTORELEASING = YES;
				CLANG_WARN_BOOL_CONVERSION = YES;
				CLANG_WARN_COMMA = YES;
				CLANG_WARN_CONSTANT_CONVERSION = YES;
				CLANG_WARN_DEPRECATED_OBJC_IMPLEMENTATIONS = YES;
				CLANG_WARN_DIRECT_OBJC_ISA_USAGE = YES_ERROR;
				CLANG_WARN_DOCUMENTATION_COMMENTS = YES;
				CLANG_WARN_EMPTY_BODY = YES;
				CLANG_WARN_ENUM_CONVERSION = YES;
				CLANG_WARN_INFINITE_RECURSION = YES;
				CLANG_WARN_INT_CONVERSION = YES;
				CLANG_WARN_NON_LITERAL_NULL_CONVERSION = YES;
				CLANG_WARN_OBJC_IMPLICIT_RETAIN_SELF = YES;
				CLANG_WARN_OBJC_LITERAL_CONVERSION = YES;
				CLANG_WARN_OBJC_ROOT_CLASS = YES_ERROR;
				CLANG_WARN_QUOTED_INCLUDE_IN_FRAMEWORK_HEADER = YES;
				CLANG_WARN_RANGE_LOOP_ANALYSIS = YES;
				CLANG_WARN_STRICT_PROTOTYPES = YES;
				CLANG_WARN_SUSPICIOUS_MOVE = YES;
				CLANG_WARN_UNGUARDED_AVAILABILITY = YES_AGGRESSIVE;
				CLANG_WARN_UNREACHABLE_CODE = YES;
				CLANG_WARN__DUPLICATE_METHOD_MATCH = YES;
				COPY_PHASE_STRIP = NO;
				DEBUG_INFORMATION_FORMAT = "dwarf-with-dsym";
				ENABLE_NS_ASSERTIONS = NO;
				ENABLE_STRICT_OBJC_MSGSEND = YES;
				GCC_C_LANGUAGE_STANDARD = gnu11;
				GCC_NO_COMMON_BLOCKS = YES;
				GCC_WARN_64_TO_32_BIT_CONVERSION = YES;
				GCC_WARN_ABOUT_RETURN_TYPE = YES_ERROR;
				GCC_WARN_UNDECLARED_SELECTOR = YES;
				GCC_WARN_UNINITIALIZED_AUTOS = YES_AGGRESSIVE;
				GCC_WARN_UNUSED_FUNCTION = YES;
				GCC_WARN_UNUSED_VARIABLE = YES;
				MTL_ENABLE_DEBUG_INFO = NO;
				MTL_FAST_MATH = YES;
				SWIFT_COMPILATION_MODE = wholemodule;
				SWIFT_OPTIMIZATION_LEVEL = "-O";
			};
			name = Release;
		};
		F8386D0F27A0C65B00E1CD1D /* Debug */ = {
			isa = XCBuildConfiguration;
			buildSettings = {
				CODE_SIGN_STYLE = Automatic;
				CURRENT_PROJECT_VERSION = 1;
				DEVELOPMENT_TEAM = FQ46J98RC9;
				GENERATE_INFOPLIST_FILE = YES;
				INFOPLIST_FILE = "iOS (Extension)/Info.plist";
				INFOPLIST_KEY_CFBundleDisplayName = "WordleAverage Extension";
				INFOPLIST_KEY_NSHumanReadableCopyright = "";
				IPHONEOS_DEPLOYMENT_TARGET = 15.0;
				LD_RUNPATH_SEARCH_PATHS = (
					"$(inherited)",
					"@executable_path/Frameworks",
					"@executable_path/../../Frameworks",
				);
				MARKETING_VERSION = 1.0;
				OTHER_LDFLAGS = (
					"-framework",
					SafariServices,
				);
				PRODUCT_BUNDLE_IDENTIFIER = me.sshahab.WordleAverage.Extension;
				PRODUCT_NAME = "Scordle Extension";
				SDKROOT = iphoneos;
				SKIP_INSTALL = YES;
				SWIFT_EMIT_LOC_STRINGS = YES;
				SWIFT_VERSION = 5.0;
				TARGETED_DEVICE_FAMILY = "1,2";
			};
			name = Debug;
		};
		F8386D1027A0C65B00E1CD1D /* Release */ = {
			isa = XCBuildConfiguration;
			buildSettings = {
				CODE_SIGN_STYLE = Automatic;
				CURRENT_PROJECT_VERSION = 1;
				DEVELOPMENT_TEAM = FQ46J98RC9;
				GENERATE_INFOPLIST_FILE = YES;
				INFOPLIST_FILE = "iOS (Extension)/Info.plist";
				INFOPLIST_KEY_CFBundleDisplayName = "WordleAverage Extension";
				INFOPLIST_KEY_NSHumanReadableCopyright = "";
				IPHONEOS_DEPLOYMENT_TARGET = 15.0;
				LD_RUNPATH_SEARCH_PATHS = (
					"$(inherited)",
					"@executable_path/Frameworks",
					"@executable_path/../../Frameworks",
				);
				MARKETING_VERSION = 1.0;
				OTHER_LDFLAGS = (
					"-framework",
					SafariServices,
				);
				PRODUCT_BUNDLE_IDENTIFIER = me.sshahab.WordleAverage.Extension;
				PRODUCT_NAME = "Scordle Extension";
				SDKROOT = iphoneos;
				SKIP_INSTALL = YES;
				SWIFT_EMIT_LOC_STRINGS = YES;
				SWIFT_VERSION = 5.0;
				TARGETED_DEVICE_FAMILY = "1,2";
				VALIDATE_PRODUCT = YES;
			};
			name = Release;
		};
		F8386D1327A0C65B00E1CD1D /* Debug */ = {
			isa = XCBuildConfiguration;
			buildSettings = {
				ALWAYS_EMBED_SWIFT_STANDARD_LIBRARIES = YES;
				ASSETCATALOG_COMPILER_APPICON_NAME = "AppIcon-1";
				ASSETCATALOG_COMPILER_GLOBAL_ACCENT_COLOR_NAME = AccentColor;
				CODE_SIGN_STYLE = Automatic;
				CURRENT_PROJECT_VERSION = 1;
				DEVELOPMENT_TEAM = FQ46J98RC9;
				GENERATE_INFOPLIST_FILE = YES;
				INFOPLIST_FILE = "iOS (App)/Info.plist";
				INFOPLIST_KEY_CFBundleDisplayName = Scordle;
				INFOPLIST_KEY_UIApplicationSupportsIndirectInputEvents = YES;
				INFOPLIST_KEY_UILaunchStoryboardName = LaunchScreen;
				INFOPLIST_KEY_UIMainStoryboardFile = Main;
				INFOPLIST_KEY_UISupportedInterfaceOrientations = "UIInterfaceOrientationPortrait UIInterfaceOrientationLandscapeLeft UIInterfaceOrientationLandscapeRight";
				INFOPLIST_KEY_UISupportedInterfaceOrientations_iPad = "UIInterfaceOrientationPortrait UIInterfaceOrientationPortraitUpsideDown UIInterfaceOrientationLandscapeLeft UIInterfaceOrientationLandscapeRight";
				IPHONEOS_DEPLOYMENT_TARGET = 15.0;
				LD_RUNPATH_SEARCH_PATHS = (
					"$(inherited)",
					"@executable_path/Frameworks",
				);
				MARKETING_VERSION = 1.1;
				OTHER_LDFLAGS = (
					"-framework",
					SafariServices,
					"-framework",
					WebKit,
				);
				PRODUCT_BUNDLE_IDENTIFIER = me.sshahab.WordleAverage;
				PRODUCT_NAME = Scordle;
				SDKROOT = iphoneos;
				SWIFT_EMIT_LOC_STRINGS = YES;
				SWIFT_VERSION = 5.0;
				TARGETED_DEVICE_FAMILY = "1,2";
			};
			name = Debug;
		};
		F8386D1427A0C65B00E1CD1D /* Release */ = {
			isa = XCBuildConfiguration;
			buildSettings = {
				ALWAYS_EMBED_SWIFT_STANDARD_LIBRARIES = YES;
				ASSETCATALOG_COMPILER_APPICON_NAME = "AppIcon-1";
				ASSETCATALOG_COMPILER_GLOBAL_ACCENT_COLOR_NAME = AccentColor;
				CODE_SIGN_STYLE = Automatic;
				CURRENT_PROJECT_VERSION = 1;
				DEVELOPMENT_TEAM = FQ46J98RC9;
				GENERATE_INFOPLIST_FILE = YES;
				INFOPLIST_FILE = "iOS (App)/Info.plist";
				INFOPLIST_KEY_CFBundleDisplayName = Scordle;
				INFOPLIST_KEY_UIApplicationSupportsIndirectInputEvents = YES;
				INFOPLIST_KEY_UILaunchStoryboardName = LaunchScreen;
				INFOPLIST_KEY_UIMainStoryboardFile = Main;
				INFOPLIST_KEY_UISupportedInterfaceOrientations = "UIInterfaceOrientationPortrait UIInterfaceOrientationLandscapeLeft UIInterfaceOrientationLandscapeRight";
				INFOPLIST_KEY_UISupportedInterfaceOrientations_iPad = "UIInterfaceOrientationPortrait UIInterfaceOrientationPortraitUpsideDown UIInterfaceOrientationLandscapeLeft UIInterfaceOrientationLandscapeRight";
				IPHONEOS_DEPLOYMENT_TARGET = 15.0;
				LD_RUNPATH_SEARCH_PATHS = (
					"$(inherited)",
					"@executable_path/Frameworks",
				);
				MARKETING_VERSION = 1.1;
				OTHER_LDFLAGS = (
					"-framework",
					SafariServices,
					"-framework",
					WebKit,
				);
				PRODUCT_BUNDLE_IDENTIFIER = me.sshahab.WordleAverage;
				PRODUCT_NAME = Scordle;
				SDKROOT = iphoneos;
				SWIFT_EMIT_LOC_STRINGS = YES;
				SWIFT_VERSION = 5.0;
				TARGETED_DEVICE_FAMILY = "1,2";
				VALIDATE_PRODUCT = YES;
			};
			name = Release;
		};
		F8386D1627A0C65B00E1CD1D /* Debug */ = {
			isa = XCBuildConfiguration;
			buildSettings = {
				CODE_SIGN_ENTITLEMENTS = "macOS (Extension)/WordleAverage.entitlements";
				CODE_SIGN_STYLE = Automatic;
				CURRENT_PROJECT_VERSION = 1;
				ENABLE_HARDENED_RUNTIME = YES;
				GENERATE_INFOPLIST_FILE = YES;
				INFOPLIST_FILE = "macOS (Extension)/Info.plist";
				INFOPLIST_KEY_CFBundleDisplayName = "WordleAverage Extension";
				INFOPLIST_KEY_NSHumanReadableCopyright = "";
				LD_RUNPATH_SEARCH_PATHS = (
					"$(inherited)",
					"@executable_path/../Frameworks",
					"@executable_path/../../../../Frameworks",
				);
				MACOSX_DEPLOYMENT_TARGET = 10.14;
				MARKETING_VERSION = 1.0;
				OTHER_LDFLAGS = (
					"-framework",
					SafariServices,
				);
				PRODUCT_BUNDLE_IDENTIFIER = me.sshahab.WordleAverage.Extension;
				PRODUCT_NAME = "Scordle Extension";
				SDKROOT = macosx;
				SKIP_INSTALL = YES;
				SWIFT_EMIT_LOC_STRINGS = YES;
				SWIFT_VERSION = 5.0;
			};
			name = Debug;
		};
		F8386D1727A0C65B00E1CD1D /* Release */ = {
			isa = XCBuildConfiguration;
			buildSettings = {
				CODE_SIGN_ENTITLEMENTS = "macOS (Extension)/WordleAverage.entitlements";
				CODE_SIGN_STYLE = Automatic;
				CURRENT_PROJECT_VERSION = 1;
				ENABLE_HARDENED_RUNTIME = YES;
				GENERATE_INFOPLIST_FILE = YES;
				INFOPLIST_FILE = "macOS (Extension)/Info.plist";
				INFOPLIST_KEY_CFBundleDisplayName = "WordleAverage Extension";
				INFOPLIST_KEY_NSHumanReadableCopyright = "";
				LD_RUNPATH_SEARCH_PATHS = (
					"$(inherited)",
					"@executable_path/../Frameworks",
					"@executable_path/../../../../Frameworks",
				);
				MACOSX_DEPLOYMENT_TARGET = 10.14;
				MARKETING_VERSION = 1.0;
				OTHER_LDFLAGS = (
					"-framework",
					SafariServices,
				);
				PRODUCT_BUNDLE_IDENTIFIER = me.sshahab.WordleAverage.Extension;
				PRODUCT_NAME = "Scordle Extension";
				SDKROOT = macosx;
				SKIP_INSTALL = YES;
				SWIFT_EMIT_LOC_STRINGS = YES;
				SWIFT_VERSION = 5.0;
			};
			name = Release;
		};
		F8386D1A27A0C65B00E1CD1D /* Debug */ = {
			isa = XCBuildConfiguration;
			buildSettings = {
				ALWAYS_EMBED_SWIFT_STANDARD_LIBRARIES = YES;
				ASSETCATALOG_COMPILER_APPICON_NAME = AppIcon;
				ASSETCATALOG_COMPILER_GLOBAL_ACCENT_COLOR_NAME = AccentColor;
				CODE_SIGN_ENTITLEMENTS = "macOS (App)/WordleAverage.entitlements";
				CODE_SIGN_STYLE = Automatic;
				CURRENT_PROJECT_VERSION = 1;
				ENABLE_HARDENED_RUNTIME = YES;
				GENERATE_INFOPLIST_FILE = YES;
				INFOPLIST_KEY_CFBundleDisplayName = WordleAverage;
				INFOPLIST_KEY_NSMainStoryboardFile = Main;
				INFOPLIST_KEY_NSPrincipalClass = NSApplication;
				LD_RUNPATH_SEARCH_PATHS = (
					"$(inherited)",
					"@executable_path/../Frameworks",
				);
				MACOSX_DEPLOYMENT_TARGET = 10.14;
				MARKETING_VERSION = 1.0;
				OTHER_LDFLAGS = (
					"-framework",
					SafariServices,
					"-framework",
					WebKit,
				);
				PRODUCT_BUNDLE_IDENTIFIER = me.sshahab.WordleAverage;
				PRODUCT_NAME = Scordle;
				SDKROOT = macosx;
				SWIFT_EMIT_LOC_STRINGS = YES;
				SWIFT_VERSION = 5.0;
			};
			name = Debug;
		};
		F8386D1B27A0C65B00E1CD1D /* Release */ = {
			isa = XCBuildConfiguration;
			buildSettings = {
				ALWAYS_EMBED_SWIFT_STANDARD_LIBRARIES = YES;
				ASSETCATALOG_COMPILER_APPICON_NAME = AppIcon;
				ASSETCATALOG_COMPILER_GLOBAL_ACCENT_COLOR_NAME = AccentColor;
				CODE_SIGN_ENTITLEMENTS = "macOS (App)/WordleAverage.entitlements";
				CODE_SIGN_STYLE = Automatic;
				CURRENT_PROJECT_VERSION = 1;
				ENABLE_HARDENED_RUNTIME = YES;
				GENERATE_INFOPLIST_FILE = YES;
				INFOPLIST_KEY_CFBundleDisplayName = WordleAverage;
				INFOPLIST_KEY_NSMainStoryboardFile = Main;
				INFOPLIST_KEY_NSPrincipalClass = NSApplication;
				LD_RUNPATH_SEARCH_PATHS = (
					"$(inherited)",
					"@executable_path/../Frameworks",
				);
				MACOSX_DEPLOYMENT_TARGET = 10.14;
				MARKETING_VERSION = 1.0;
				OTHER_LDFLAGS = (
					"-framework",
					SafariServices,
					"-framework",
					WebKit,
				);
				PRODUCT_BUNDLE_IDENTIFIER = me.sshahab.WordleAverage;
				PRODUCT_NAME = Scordle;
				SDKROOT = macosx;
				SWIFT_EMIT_LOC_STRINGS = YES;
				SWIFT_VERSION = 5.0;
			};
			name = Release;
		};
/* End XCBuildConfiguration section */

/* Begin XCConfigurationList section */
		F8386CA627A0C65800E1CD1D /* Build configuration list for PBXProject "Scordle" */ = {
			isa = XCConfigurationList;
			buildConfigurations = (
				F8386D0C27A0C65B00E1CD1D /* Debug */,
				F8386D0D27A0C65B00E1CD1D /* Release */,
			);
			defaultConfigurationIsVisible = 0;
			defaultConfigurationName = Release;
		};
		F8386D0E27A0C65B00E1CD1D /* Build configuration list for PBXNativeTarget "Scordle Extension (iOS)" */ = {
			isa = XCConfigurationList;
			buildConfigurations = (
				F8386D0F27A0C65B00E1CD1D /* Debug */,
				F8386D1027A0C65B00E1CD1D /* Release */,
			);
			defaultConfigurationIsVisible = 0;
			defaultConfigurationName = Release;
		};
		F8386D1227A0C65B00E1CD1D /* Build configuration list for PBXNativeTarget "Scordle (iOS)" */ = {
			isa = XCConfigurationList;
			buildConfigurations = (
				F8386D1327A0C65B00E1CD1D /* Debug */,
				F8386D1427A0C65B00E1CD1D /* Release */,
			);
			defaultConfigurationIsVisible = 0;
			defaultConfigurationName = Release;
		};
		F8386D1527A0C65B00E1CD1D /* Build configuration list for PBXNativeTarget "Scordle Extension (macOS)" */ = {
			isa = XCConfigurationList;
			buildConfigurations = (
				F8386D1627A0C65B00E1CD1D /* Debug */,
				F8386D1727A0C65B00E1CD1D /* Release */,
			);
			defaultConfigurationIsVisible = 0;
			defaultConfigurationName = Release;
		};
		F8386D1927A0C65B00E1CD1D /* Build configuration list for PBXNativeTarget "Scordle (macOS)" */ = {
			isa = XCConfigurationList;
			buildConfigurations = (
				F8386D1A27A0C65B00E1CD1D /* Debug */,
				F8386D1B27A0C65B00E1CD1D /* Release */,
			);
			defaultConfigurationIsVisible = 0;
			defaultConfigurationName = Release;
		};
/* End XCConfigurationList section */
	};
	rootObject = F8386CA327A0C65800E1CD1D /* Project object */;
}
